// !$*UTF8*$!
{
	archiveVersion = 1;
	classes = {
	};
	objectVersion = 46;
	objects = {

/* Begin PBXBuildFile section */
		31FEA855F434C38BAE06B0CB /* UIKit.framework in Frameworks */ = {isa = PBXBuildFile; fileRef = 31FEA855F434C38BAE06B0CA /* UIKit.framework */; };
		31FEA855F434C38BAE06B0CD /* Foundation.framework in Frameworks */ = {isa = PBXBuildFile; fileRef = 31FEA855F434C38BAE06B0CC /* Foundation.framework */; };
		31FEA855F434C38BAE06B0CF /* CoreGraphics.framework in Frameworks */ = {isa = PBXBuildFile; fileRef = 31FEA855F434C38BAE06B0CE /* CoreGraphics.framework */; };
		31FEA855F434C38BAE06B0D5 /* InfoPlist.strings in Resources */ = {isa = PBXBuildFile; fileRef = 31FEA855F434C38BAE06B0D4 /* InfoPlist.strings */; };
		31FEA855F434C38BAE06B0D7 /* main.m in Sources */ = {isa = PBXBuildFile; fileRef = 31FEA855F434C38BAE06B0D6 /* main.m */; };
		31FEA855F434C38BAE06B0DB /* SDAppDelegate.m in Sources */ = {isa = PBXBuildFile; fileRef = 31FEA855F434C38BAE06B0DA /* SDAppDelegate.m */; };
		31FEA855F434C38BAE06B0DE /* MainStoryboard.storyboard in Resources */ = {isa = PBXBuildFile; fileRef = 31FEA855F434C38BAE06B0DD /* MainStoryboard.storyboard */; };
		31FEA855F434C38BAE06B0E3 /* first.png in Resources */ = {isa = PBXBuildFile; fileRef = 31FEA855F434C38BAE06B0E2 /* first.png */; };
		31FEA855F434C38BAE06B0E5 /* first@2x.png in Resources */ = {isa = PBXBuildFile; fileRef = 31FEA855F434C38BAE06B0E4 /* first@2x.png */; };
		31FEA855F434C38BAE06B0EA /* second.png in Resources */ = {isa = PBXBuildFile; fileRef = 31FEA855F434C38BAE06B0E9 /* second.png */; };
		31FEA855F434C38BAE06B0EC /* second@2x.png in Resources */ = {isa = PBXBuildFile; fileRef = 31FEA855F434C38BAE06B0EB /* second@2x.png */; };
		31FEA855F434C38BAE06B0F7 /* SenTestingKit.framework in Frameworks */ = {isa = PBXBuildFile; fileRef = 31FEA855F434C38BAE06B0F6 /* SenTestingKit.framework */; };
		31FEA855F434C38BAE06B0F8 /* UIKit.framework in Frameworks */ = {isa = PBXBuildFile; fileRef = 31FEA855F434C38BAE06B0CA /* UIKit.framework */; };
		31FEA855F434C38BAE06B0F9 /* Foundation.framework in Frameworks */ = {isa = PBXBuildFile; fileRef = 31FEA855F434C38BAE06B0CC /* Foundation.framework */; };
		31FEA855F434C38BAE06B101 /* InfoPlist.strings in Resources */ = {isa = PBXBuildFile; fileRef = 31FEA855F434C38BAE06B100 /* InfoPlist.strings */; };
		31FEA855F434C38BAE06B104 /* scoobydo_ipadTests.m in Sources */ = {isa = PBXBuildFile; fileRef = 31FEA855F434C38BAE06B103 /* scoobydo_ipadTests.m */; };
		31FEA855F434C38BAE06B106 /* SDStockListViewController.m in Sources */ = {isa = PBXBuildFile; fileRef = 31FEA855F434C38BAE06B105 /* SDStockListViewController.m */; };
		F80F8AC1159741830093DEDB /* main.m in Sources */ = {isa = PBXBuildFile; fileRef = 31FEA855F434C38BAE06B0D6 /* main.m */; };
		F80F8AC2159741830093DEDB /* SDAppDelegate.m in Sources */ = {isa = PBXBuildFile; fileRef = 31FEA855F434C38BAE06B0DA /* SDAppDelegate.m */; };
		F80F8AC3159741830093DEDB /* SDStockListViewController.m in Sources */ = {isa = PBXBuildFile; fileRef = 31FEA855F434C38BAE06B105 /* SDStockListViewController.m */; };
		F80F8AC5159741830093DEDB /* UIKit.framework in Frameworks */ = {isa = PBXBuildFile; fileRef = 31FEA855F434C38BAE06B0CA /* UIKit.framework */; };
		F80F8AC6159741830093DEDB /* Foundation.framework in Frameworks */ = {isa = PBXBuildFile; fileRef = 31FEA855F434C38BAE06B0CC /* Foundation.framework */; };
		F80F8AC7159741830093DEDB /* CoreGraphics.framework in Frameworks */ = {isa = PBXBuildFile; fileRef = 31FEA855F434C38BAE06B0CE /* CoreGraphics.framework */; };
		F80F8AC9159741830093DEDB /* InfoPlist.strings in Resources */ = {isa = PBXBuildFile; fileRef = 31FEA855F434C38BAE06B0D4 /* InfoPlist.strings */; };
		F80F8ACA159741830093DEDB /* MainStoryboard.storyboard in Resources */ = {isa = PBXBuildFile; fileRef = 31FEA855F434C38BAE06B0DD /* MainStoryboard.storyboard */; };
		F80F8ACB159741830093DEDB /* first.png in Resources */ = {isa = PBXBuildFile; fileRef = 31FEA855F434C38BAE06B0E2 /* first.png */; };
		F80F8ACC159741830093DEDB /* first@2x.png in Resources */ = {isa = PBXBuildFile; fileRef = 31FEA855F434C38BAE06B0E4 /* first@2x.png */; };
		F80F8ACD159741830093DEDB /* second.png in Resources */ = {isa = PBXBuildFile; fileRef = 31FEA855F434C38BAE06B0E9 /* second.png */; };
		F80F8ACE159741830093DEDB /* second@2x.png in Resources */ = {isa = PBXBuildFile; fileRef = 31FEA855F434C38BAE06B0EB /* second@2x.png */; };
		F80F8AE1159741C10093DEDB /* my_first.feature_toremove in Resources */ = {isa = PBXBuildFile; fileRef = F80F8AD8159741C10093DEDB /* my_first.feature_toremove */; };
		F80F8AE2159741C10093DEDB /* launch_steps.rb in Resources */ = {isa = PBXBuildFile; fileRef = F80F8ADA159741C10093DEDB /* launch_steps.rb */; };
		F80F8AE3159741C10093DEDB /* env.rb in Resources */ = {isa = PBXBuildFile; fileRef = F80F8ADC159741C10093DEDB /* env.rb */; };
		F80F8AE4159741C10093DEDB /* frank_static_resources.bundle in Resources */ = {isa = PBXBuildFile; fileRef = F80F8ADD159741C10093DEDB /* frank_static_resources.bundle */; };
		F80F8AE5159741C10093DEDB /* frankify.xcconfig in Resources */ = {isa = PBXBuildFile; fileRef = F80F8ADE159741C10093DEDB /* frankify.xcconfig */; };
		F80F8AE6159741C10093DEDB /* libFrank.a in Frameworks */ = {isa = PBXBuildFile; fileRef = F80F8ADF159741C10093DEDB /* libFrank.a */; };
		F80F8AE7159741C10093DEDB /* libShelley.a in Frameworks */ = {isa = PBXBuildFile; fileRef = F80F8AE0159741C10093DEDB /* libShelley.a */; };
		F80F8AEA159741EA0093DEDB /* CFNetwork.framework in Frameworks */ = {isa = PBXBuildFile; fileRef = F80F8AE8159741E00093DEDB /* CFNetwork.framework */; };
		F80F8AEA159741EA0093DEDD /* stock_management.feature in Resources */ = {isa = PBXBuildFile; fileRef = F80F8AEA159741EA0093DEDC /* stock_management.feature */; };
		F80F8AEA159741EA0093DEDF /* we_have_smoke.feature in Resources */ = {isa = PBXBuildFile; fileRef = F80F8AEA159741EA0093DEDE /* we_have_smoke.feature */; };
		F8877A8215CEF88200EED1B0 /* SDStatusViewController.m in Sources */ = {isa = PBXBuildFile; fileRef = F8877A8015CEF88200EED1B0 /* SDStatusViewController.m */; };
		F8877A8315CEF88200EED1B0 /* SDStatusViewController.m in Sources */ = {isa = PBXBuildFile; fileRef = F8877A8015CEF88200EED1B0 /* SDStatusViewController.m */; };
/* End PBXBuildFile section */

/* Begin PBXContainerItemProxy section */
		31FEA855F434C38BAE06B0FA /* PBXContainerItemProxy */ = {
			isa = PBXContainerItemProxy;
			containerPortal = 31FEA855F434C38BAE06B0BB /* Project object */;
			proxyType = 1;
			remoteGlobalIDString = 31FEA855F434C38BAE06B0C2;
			remoteInfo = scoobydo_ipad;
		};
/* End PBXContainerItemProxy section */

/* Begin PBXFileReference section */
		31FEA855F434C38BAE06B0C1 /* scoobydo_ipad.app */ = {isa = PBXFileReference; explicitFileType = wrapper.application; includeInIndex = 0; path = scoobydo_ipad.app; sourceTree = BUILT_PRODUCTS_DIR; };
		31FEA855F434C38BAE06B0CA /* UIKit.framework */ = {isa = PBXFileReference; lastKnownFileType = wrapper.framework; name = UIKit.framework; path = System/Library/Frameworks/UIKit.framework; sourceTree = SDKROOT; };
		31FEA855F434C38BAE06B0CC /* Foundation.framework */ = {isa = PBXFileReference; lastKnownFileType = wrapper.framework; name = Foundation.framework; path = System/Library/Frameworks/Foundation.framework; sourceTree = SDKROOT; };
		31FEA855F434C38BAE06B0CE /* CoreGraphics.framework */ = {isa = PBXFileReference; lastKnownFileType = wrapper.framework; name = CoreGraphics.framework; path = System/Library/Frameworks/CoreGraphics.framework; sourceTree = SDKROOT; };
		31FEA855F434C38BAE06B0D2 /* scoobydo_ipad-Info.plist */ = {isa = PBXFileReference; lastKnownFileType = text.plist.info; path = "scoobydo_ipad-Info.plist"; sourceTree = "<group>"; };
		31FEA855F434C38BAE06B0D3 /* en */ = {isa = PBXFileReference; lastKnownFileType = text.plist.strings; name = en; path = en.lproj/InfoPlist.strings; sourceTree = "<group>"; };
		31FEA855F434C38BAE06B0D6 /* main.m */ = {isa = PBXFileReference; lastKnownFileType = sourcecode.c.objc; path = main.m; sourceTree = "<group>"; };
		31FEA855F434C38BAE06B0D8 /* scoobydo_ipad-Prefix.pch */ = {isa = PBXFileReference; lastKnownFileType = sourcecode.c.h; path = "scoobydo_ipad-Prefix.pch"; sourceTree = "<group>"; };
		31FEA855F434C38BAE06B0D9 /* SDAppDelegate.h */ = {isa = PBXFileReference; lastKnownFileType = sourcecode.c.h; path = SDAppDelegate.h; sourceTree = "<group>"; };
		31FEA855F434C38BAE06B0DA /* SDAppDelegate.m */ = {isa = PBXFileReference; lastKnownFileType = sourcecode.c.objc; path = SDAppDelegate.m; sourceTree = "<group>"; };
		31FEA855F434C38BAE06B0DC /* en */ = {isa = PBXFileReference; lastKnownFileType = file.storyboard; name = en; path = en.lproj/MainStoryboard.storyboard; sourceTree = "<group>"; };
		31FEA855F434C38BAE06B0E2 /* first.png */ = {isa = PBXFileReference; lastKnownFileType = image.png; path = first.png; sourceTree = "<group>"; };
		31FEA855F434C38BAE06B0E4 /* first@2x.png */ = {isa = PBXFileReference; lastKnownFileType = image.png; path = "first@2x.png"; sourceTree = "<group>"; };
		31FEA855F434C38BAE06B0E9 /* second.png */ = {isa = PBXFileReference; lastKnownFileType = image.png; path = second.png; sourceTree = "<group>"; };
		31FEA855F434C38BAE06B0EB /* second@2x.png */ = {isa = PBXFileReference; lastKnownFileType = image.png; path = "second@2x.png"; sourceTree = "<group>"; };
		31FEA855F434C38BAE06B0ED /* scoobydo_ipadTests.octest */ = {isa = PBXFileReference; explicitFileType = wrapper.cfbundle; includeInIndex = 0; path = scoobydo_ipadTests.octest; sourceTree = BUILT_PRODUCTS_DIR; };
		31FEA855F434C38BAE06B0F6 /* SenTestingKit.framework */ = {isa = PBXFileReference; lastKnownFileType = wrapper.framework; name = SenTestingKit.framework; path = Library/Frameworks/SenTestingKit.framework; sourceTree = DEVELOPER_DIR; };
		31FEA855F434C38BAE06B0FE /* scoobydo_ipadTests-Info.plist */ = {isa = PBXFileReference; lastKnownFileType = text.plist.info; path = "scoobydo_ipadTests-Info.plist"; sourceTree = "<group>"; };
		31FEA855F434C38BAE06B0FF /* en */ = {isa = PBXFileReference; lastKnownFileType = text.plist.strings; name = en; path = en.lproj/InfoPlist.strings; sourceTree = "<group>"; };
		31FEA855F434C38BAE06B102 /* scoobydo_ipadTests.h */ = {isa = PBXFileReference; lastKnownFileType = sourcecode.c.h; path = scoobydo_ipadTests.h; sourceTree = "<group>"; };
		31FEA855F434C38BAE06B103 /* scoobydo_ipadTests.m */ = {isa = PBXFileReference; lastKnownFileType = sourcecode.c.objc; path = scoobydo_ipadTests.m; sourceTree = "<group>"; };
		31FEA855F434C38BAE06B105 /* SDStockListViewController.m */ = {isa = PBXFileReference; fileEncoding = 4; lastKnownFileType = sourcecode.c.objc; path = SDStockListViewController.m; sourceTree = "<group>"; };
		31FEA855F434C38BAE06B107 /* SDStockListViewController.h */ = {isa = PBXFileReference; fileEncoding = 4; lastKnownFileType = sourcecode.c.h; path = SDStockListViewController.h; sourceTree = "<group>"; };
		F80F8AD2159741830093DEDB /* scoobydo_ipad copy.app */ = {isa = PBXFileReference; explicitFileType = wrapper.application; includeInIndex = 0; path = "scoobydo_ipad copy.app"; sourceTree = BUILT_PRODUCTS_DIR; };
		F80F8AD4159741830093DEDB /* scoobydo_ipad copy-Info.plist */ = {isa = PBXFileReference; lastKnownFileType = text.plist.xml; name = "scoobydo_ipad copy-Info.plist"; path = "/Users/ssmithstone/Development/lbifullstack/scoobydo_ipad/scoobydo_ipad copy-Info.plist"; sourceTree = "<absolute>"; };
		F80F8AD8159741C10093DEDB /* my_first.feature_toremove */ = {isa = PBXFileReference; fileEncoding = 4; lastKnownFileType = text; path = my_first.feature_toremove; sourceTree = "<group>"; };
		F80F8ADA159741C10093DEDB /* launch_steps.rb */ = {isa = PBXFileReference; fileEncoding = 4; lastKnownFileType = text.script.ruby; path = launch_steps.rb; sourceTree = "<group>"; };
		F80F8ADC159741C10093DEDB /* env.rb */ = {isa = PBXFileReference; fileEncoding = 4; lastKnownFileType = text.script.ruby; path = env.rb; sourceTree = "<group>"; };
		F80F8ADD159741C10093DEDB /* frank_static_resources.bundle */ = {isa = PBXFileReference; lastKnownFileType = "wrapper.plug-in"; path = frank_static_resources.bundle; sourceTree = "<group>"; };
		F80F8ADE159741C10093DEDB /* frankify.xcconfig */ = {isa = PBXFileReference; fileEncoding = 4; lastKnownFileType = text.xcconfig; path = frankify.xcconfig; sourceTree = "<group>"; };
		F80F8ADF159741C10093DEDB /* libFrank.a */ = {isa = PBXFileReference; lastKnownFileType = archive.ar; path = libFrank.a; sourceTree = "<group>"; };
		F80F8AE0159741C10093DEDB /* libShelley.a */ = {isa = PBXFileReference; lastKnownFileType = archive.ar; path = libShelley.a; sourceTree = "<group>"; };
		F80F8AE8159741E00093DEDB /* CFNetwork.framework */ = {isa = PBXFileReference; lastKnownFileType = wrapper.framework; name = CFNetwork.framework; path = System/Library/Frameworks/CFNetwork.framework; sourceTree = SDKROOT; };
		F80F8AEA159741EA0093DEDC /* stock_management.feature */ = {isa = PBXFileReference; lastKnownFileType = file.feature; path = stock_management.feature; sourceTree = "<group>"; };
		F80F8AEA159741EA0093DEDE /* we_have_smoke.feature */ = {isa = PBXFileReference; lastKnownFileType = file.feature; path = we_have_smoke.feature; sourceTree = "<group>"; };
		F8877A7F15CEF88200EED1B0 /* SDStatusViewController.h */ = {isa = PBXFileReference; fileEncoding = 4; lastKnownFileType = sourcecode.c.h; path = SDStatusViewController.h; sourceTree = "<group>"; };
		F8877A8015CEF88200EED1B0 /* SDStatusViewController.m */ = {isa = PBXFileReference; fileEncoding = 4; lastKnownFileType = sourcecode.c.objc; path = SDStatusViewController.m; sourceTree = "<group>"; };
		F89996B115CEFF73007B4D6E /* scoobydo_ipad Frankified copy-Info.plist */ = {isa = PBXFileReference; lastKnownFileType = text.plist.xml; name = "scoobydo_ipad Frankified copy-Info.plist"; path = "/Users/ssmithstone/Development/lbifullstack/scoobydo_ipad/scoobydo_ipad Frankified copy-Info.plist"; sourceTree = "<absolute>"; };
/* End PBXFileReference section */

/* Begin PBXFrameworksBuildPhase section */
		31FEA855F434C38BAE06B0C7 /* Frameworks */ = {
			isa = PBXFrameworksBuildPhase;
			buildActionMask = 2147483647;
			files = (
				31FEA855F434C38BAE06B0CB /* UIKit.framework in Frameworks */,
				31FEA855F434C38BAE06B0CD /* Foundation.framework in Frameworks */,
				31FEA855F434C38BAE06B0CF /* CoreGraphics.framework in Frameworks */,
			);
			runOnlyForDeploymentPostprocessing = 0;
		};
		31FEA855F434C38BAE06B0F3 /* Frameworks */ = {
			isa = PBXFrameworksBuildPhase;
			buildActionMask = 2147483647;
			files = (
				31FEA855F434C38BAE06B0F7 /* SenTestingKit.framework in Frameworks */,
				31FEA855F434C38BAE06B0F8 /* UIKit.framework in Frameworks */,
				31FEA855F434C38BAE06B0F9 /* Foundation.framework in Frameworks */,
			);
			runOnlyForDeploymentPostprocessing = 0;
		};
		F80F8AC4159741830093DEDB /* Frameworks */ = {
			isa = PBXFrameworksBuildPhase;
			buildActionMask = 2147483647;
			files = (
				F80F8AEA159741EA0093DEDB /* CFNetwork.framework in Frameworks */,
				F80F8AC5159741830093DEDB /* UIKit.framework in Frameworks */,
				F80F8AC6159741830093DEDB /* Foundation.framework in Frameworks */,
				F80F8AC7159741830093DEDB /* CoreGraphics.framework in Frameworks */,
				F80F8AE6159741C10093DEDB /* libFrank.a in Frameworks */,
				F80F8AE7159741C10093DEDB /* libShelley.a in Frameworks */,
			);
			runOnlyForDeploymentPostprocessing = 0;
		};
/* End PBXFrameworksBuildPhase section */

/* Begin PBXGroup section */
		31FEA855F434C38BAE06B0BD = {
			isa = PBXGroup;
			children = (
				F80F8AE8159741E00093DEDB /* CFNetwork.framework */,
				F80F8AD6159741C10093DEDB /* Frank */,
				31FEA855F434C38BAE06B0BE /* Products */,
				31FEA855F434C38BAE06B0C9 /* Frameworks */,
				31FEA855F434C38BAE06B0D0 /* scoobydo_ipad */,
				31FEA855F434C38BAE06B0FC /* scoobydo_ipadTests */,
				F80F8AD4159741830093DEDB /* scoobydo_ipad copy-Info.plist */,
				F89996B115CEFF73007B4D6E /* scoobydo_ipad Frankified copy-Info.plist */,
			);
			sourceTree = "<group>";
		};
		31FEA855F434C38BAE06B0BE /* Products */ = {
			isa = PBXGroup;
			children = (
				31FEA855F434C38BAE06B0C1 /* scoobydo_ipad.app */,
				31FEA855F434C38BAE06B0ED /* scoobydo_ipadTests.octest */,
				F80F8AD2159741830093DEDB /* scoobydo_ipad copy.app */,
			);
			name = Products;
			sourceTree = "<group>";
		};
		31FEA855F434C38BAE06B0C9 /* Frameworks */ = {
			isa = PBXGroup;
			children = (
				31FEA855F434C38BAE06B0F6 /* SenTestingKit.framework */,
				31FEA855F434C38BAE06B0CE /* CoreGraphics.framework */,
				31FEA855F434C38BAE06B0CC /* Foundation.framework */,
				31FEA855F434C38BAE06B0CA /* UIKit.framework */,
			);
			name = Frameworks;
			sourceTree = "<group>";
		};
		31FEA855F434C38BAE06B0D0 /* scoobydo_ipad */ = {
			isa = PBXGroup;
			children = (
				31FEA855F434C38BAE06B107 /* SDStockListViewController.h */,
				31FEA855F434C38BAE06B105 /* SDStockListViewController.m */,
				31FEA855F434C38BAE06B0EB /* second@2x.png */,
				31FEA855F434C38BAE06B0E9 /* second.png */,
				31FEA855F434C38BAE06B0E4 /* first@2x.png */,
				31FEA855F434C38BAE06B0E2 /* first.png */,
				31FEA855F434C38BAE06B0DD /* MainStoryboard.storyboard */,
				31FEA855F434C38BAE06B0DA /* SDAppDelegate.m */,
				31FEA855F434C38BAE06B0D9 /* SDAppDelegate.h */,
				31FEA855F434C38BAE06B0D1 /* Supporting Files */,
				F8877A7F15CEF88200EED1B0 /* SDStatusViewController.h */,
				F8877A8015CEF88200EED1B0 /* SDStatusViewController.m */,
			);
			path = scoobydo_ipad;
			sourceTree = "<group>";
		};
		31FEA855F434C38BAE06B0D1 /* Supporting Files */ = {
			isa = PBXGroup;
			children = (
				31FEA855F434C38BAE06B0D8 /* scoobydo_ipad-Prefix.pch */,
				31FEA855F434C38BAE06B0D6 /* main.m */,
				31FEA855F434C38BAE06B0D4 /* InfoPlist.strings */,
				31FEA855F434C38BAE06B0D2 /* scoobydo_ipad-Info.plist */,
			);
			name = "Supporting Files";
			sourceTree = "<group>";
		};
		31FEA855F434C38BAE06B0FC /* scoobydo_ipadTests */ = {
			isa = PBXGroup;
			children = (
				31FEA855F434C38BAE06B103 /* scoobydo_ipadTests.m */,
				31FEA855F434C38BAE06B102 /* scoobydo_ipadTests.h */,
				31FEA855F434C38BAE06B0FD /* Supporting Files */,
			);
			path = scoobydo_ipadTests;
			sourceTree = "<group>";
		};
		31FEA855F434C38BAE06B0FD /* Supporting Files */ = {
			isa = PBXGroup;
			children = (
				31FEA855F434C38BAE06B100 /* InfoPlist.strings */,
				31FEA855F434C38BAE06B0FE /* scoobydo_ipadTests-Info.plist */,
			);
			name = "Supporting Files";
			sourceTree = "<group>";
		};
		F80F8AD6159741C10093DEDB /* Frank */ = {
			isa = PBXGroup;
			children = (
				F80F8AD7159741C10093DEDB /* features */,
				F80F8ADD159741C10093DEDB /* frank_static_resources.bundle */,
				F80F8ADE159741C10093DEDB /* frankify.xcconfig */,
				F80F8ADF159741C10093DEDB /* libFrank.a */,
				F80F8AE0159741C10093DEDB /* libShelley.a */,
			);
			path = Frank;
			sourceTree = "<group>";
		};
		F80F8AD7159741C10093DEDB /* features */ = {
			isa = PBXGroup;
			children = (
				F80F8AEA159741EA0093DEDE /* we_have_smoke.feature */,
				F80F8AEA159741EA0093DEDC /* stock_management.feature */,
				F80F8AD8159741C10093DEDB /* my_first.feature_toremove */,
				F80F8AD9159741C10093DEDB /* step_definitions */,
				F80F8ADB159741C10093DEDB /* support */,
			);
			path = features;
			sourceTree = "<group>";
		};
		F80F8AD9159741C10093DEDB /* step_definitions */ = {
			isa = PBXGroup;
			children = (
				F80F8ADA159741C10093DEDB /* launch_steps.rb */,
			);
			path = step_definitions;
			sourceTree = "<group>";
		};
		F80F8ADB159741C10093DEDB /* support */ = {
			isa = PBXGroup;
			children = (
				F80F8ADC159741C10093DEDB /* env.rb */,
			);
			path = support;
			sourceTree = "<group>";
		};
/* End PBXGroup section */

/* Begin PBXNativeTarget section */
		31FEA855F434C38BAE06B0C2 /* scoobydo_ipad */ = {
			isa = PBXNativeTarget;
			buildConfigurationList = 31FEA855F434C38BAE06B0C3 /* Build configuration list for PBXNativeTarget "scoobydo_ipad" */;
			buildPhases = (
				31FEA855F434C38BAE06B0C6 /* Sources */,
				31FEA855F434C38BAE06B0C7 /* Frameworks */,
				31FEA855F434C38BAE06B0C8 /* Resources */,
			);
			buildRules = (
			);
			dependencies = (
			);
			name = scoobydo_ipad;
			productName = scoobydo_ipad;
			productReference = 31FEA855F434C38BAE06B0C1 /* scoobydo_ipad.app */;
			productType = "com.apple.product-type.application";
		};
		31FEA855F434C38BAE06B0EE /* scoobydo_ipadTests */ = {
			isa = PBXNativeTarget;
			buildConfigurationList = 31FEA855F434C38BAE06B0EF /* Build configuration list for PBXNativeTarget "scoobydo_ipadTests" */;
			buildPhases = (
				31FEA855F434C38BAE06B0F2 /* Sources */,
				31FEA855F434C38BAE06B0F3 /* Frameworks */,
				31FEA855F434C38BAE06B0F4 /* Resources */,
				31FEA855F434C38BAE06B0F5 /* ShellScript */,
			);
			buildRules = (
			);
			dependencies = (
				31FEA855F434C38BAE06B0FB /* PBXTargetDependency */,
			);
			name = scoobydo_ipadTests;
			productName = scoobydo_ipadTests;
			productReference = 31FEA855F434C38BAE06B0ED /* scoobydo_ipadTests.octest */;
			productType = "com.apple.product-type.bundle";
		};
		F80F8ABF159741830093DEDB /* scoobydo_ipad Frankified */ = {
			isa = PBXNativeTarget;
			buildConfigurationList = F80F8ACF159741830093DEDB /* Build configuration list for PBXNativeTarget "scoobydo_ipad Frankified" */;
			buildPhases = (
				F80F8AC0159741830093DEDB /* Sources */,
				F80F8AC4159741830093DEDB /* Frameworks */,
				F80F8AC8159741830093DEDB /* Resources */,
			);
			buildRules = (
			);
			dependencies = (
			);
			name = "scoobydo_ipad Frankified";
			productName = scoobydo_ipad;
			productReference = F80F8AD2159741830093DEDB /* scoobydo_ipad copy.app */;
			productType = "com.apple.product-type.application";
		};
/* End PBXNativeTarget section */

/* Begin PBXProject section */
		31FEA855F434C38BAE06B0BB /* Project object */ = {
			isa = PBXProject;
			attributes = {
				LastUpgradeCheck = 0430;
			};
			buildConfigurationList = 31FEA855F434C38BAE06B0BC /* Build configuration list for PBXProject "scoobydo_ipad" */;
			compatibilityVersion = "Xcode 3.2";
			developmentRegion = English;
			hasScannedForEncodings = 0;
			knownRegions = (
				en,
			);
			mainGroup = 31FEA855F434C38BAE06B0BD;
			productRefGroup = 31FEA855F434C38BAE06B0BE /* Products */;
			projectDirPath = "";
			projectRoot = "";
			targets = (
				31FEA855F434C38BAE06B0C2 /* scoobydo_ipad */,
				31FEA855F434C38BAE06B0EE /* scoobydo_ipadTests */,
				F80F8ABF159741830093DEDB /* scoobydo_ipad Frankified */,
			);
		};
/* End PBXProject section */

/* Begin PBXResourcesBuildPhase section */
		31FEA855F434C38BAE06B0C8 /* Resources */ = {
			isa = PBXResourcesBuildPhase;
			buildActionMask = 2147483647;
			files = (
				31FEA855F434C38BAE06B0D5 /* InfoPlist.strings in Resources */,
				31FEA855F434C38BAE06B0DE /* MainStoryboard.storyboard in Resources */,
				31FEA855F434C38BAE06B0E3 /* first.png in Resources */,
				31FEA855F434C38BAE06B0E5 /* first@2x.png in Resources */,
				31FEA855F434C38BAE06B0EA /* second.png in Resources */,
				31FEA855F434C38BAE06B0EC /* second@2x.png in Resources */,
			);
			runOnlyForDeploymentPostprocessing = 0;
		};
		31FEA855F434C38BAE06B0F4 /* Resources */ = {
			isa = PBXResourcesBuildPhase;
			buildActionMask = 2147483647;
			files = (
				31FEA855F434C38BAE06B101 /* InfoPlist.strings in Resources */,
			);
			runOnlyForDeploymentPostprocessing = 0;
		};
		F80F8AC8159741830093DEDB /* Resources */ = {
			isa = PBXResourcesBuildPhase;
			buildActionMask = 2147483647;
			files = (
				F80F8AC9159741830093DEDB /* InfoPlist.strings in Resources */,
				F80F8ACA159741830093DEDB /* MainStoryboard.storyboard in Resources */,
				F80F8ACB159741830093DEDB /* first.png in Resources */,
				F80F8ACC159741830093DEDB /* first@2x.png in Resources */,
				F80F8ACD159741830093DEDB /* second.png in Resources */,
				F80F8ACE159741830093DEDB /* second@2x.png in Resources */,
				F80F8AE1159741C10093DEDB /* my_first.feature_toremove in Resources */,
				F80F8AE2159741C10093DEDB /* launch_steps.rb in Resources */,
				F80F8AE3159741C10093DEDB /* env.rb in Resources */,
				F80F8AE4159741C10093DEDB /* frank_static_resources.bundle in Resources */,
				F80F8AE5159741C10093DEDB /* frankify.xcconfig in Resources */,
				F80F8AEA159741EA0093DEDD /* stock_management.feature in Resources */,
				F80F8AEA159741EA0093DEDF /* we_have_smoke.feature in Resources */,
			);
			runOnlyForDeploymentPostprocessing = 0;
		};
/* End PBXResourcesBuildPhase section */

/* Begin PBXShellScriptBuildPhase section */
		31FEA855F434C38BAE06B0F5 /* ShellScript */ = {
			isa = PBXShellScriptBuildPhase;
			buildActionMask = 2147483647;
			files = (
			);
			inputPaths = (
			);
			outputPaths = (
			);
			runOnlyForDeploymentPostprocessing = 0;
			shellPath = /bin/sh;
			shellScript = "# Run the unit tests in this test bundle.\n\"${SYSTEM_DEVELOPER_DIR}/Tools/RunUnitTests\"\n";
		};
/* End PBXShellScriptBuildPhase section */

/* Begin PBXSourcesBuildPhase section */
		31FEA855F434C38BAE06B0C6 /* Sources */ = {
			isa = PBXSourcesBuildPhase;
			buildActionMask = 2147483647;
			files = (
				31FEA855F434C38BAE06B0D7 /* main.m in Sources */,
				31FEA855F434C38BAE06B0DB /* SDAppDelegate.m in Sources */,
				31FEA855F434C38BAE06B106 /* SDStockListViewController.m in Sources */,
				F8877A8215CEF88200EED1B0 /* SDStatusViewController.m in Sources */,
			);
			runOnlyForDeploymentPostprocessing = 0;
		};
		31FEA855F434C38BAE06B0F2 /* Sources */ = {
			isa = PBXSourcesBuildPhase;
			buildActionMask = 2147483647;
			files = (
				31FEA855F434C38BAE06B104 /* scoobydo_ipadTests.m in Sources */,
			);
			runOnlyForDeploymentPostprocessing = 0;
		};
		F80F8AC0159741830093DEDB /* Sources */ = {
			isa = PBXSourcesBuildPhase;
			buildActionMask = 2147483647;
			files = (
				F80F8AC1159741830093DEDB /* main.m in Sources */,
				F80F8AC2159741830093DEDB /* SDAppDelegate.m in Sources */,
				F80F8AC3159741830093DEDB /* SDStockListViewController.m in Sources */,
				F8877A8315CEF88200EED1B0 /* SDStatusViewController.m in Sources */,
			);
			runOnlyForDeploymentPostprocessing = 0;
		};
/* End PBXSourcesBuildPhase section */

/* Begin PBXTargetDependency section */
		31FEA855F434C38BAE06B0FB /* PBXTargetDependency */ = {
			isa = PBXTargetDependency;
			target = 31FEA855F434C38BAE06B0C2 /* scoobydo_ipad */;
			targetProxy = 31FEA855F434C38BAE06B0FA /* PBXContainerItemProxy */;
		};
/* End PBXTargetDependency section */

/* Begin PBXVariantGroup section */
		31FEA855F434C38BAE06B0D4 /* InfoPlist.strings */ = {
			isa = PBXVariantGroup;
			children = (
				31FEA855F434C38BAE06B0D3 /* en */,
			);
			name = InfoPlist.strings;
			sourceTree = "<group>";
		};
		31FEA855F434C38BAE06B0DD /* MainStoryboard.storyboard */ = {
			isa = PBXVariantGroup;
			children = (
				31FEA855F434C38BAE06B0DC /* en */,
			);
			name = MainStoryboard.storyboard;
			sourceTree = "<group>";
		};
		31FEA855F434C38BAE06B100 /* InfoPlist.strings */ = {
			isa = PBXVariantGroup;
			children = (
				31FEA855F434C38BAE06B0FF /* en */,
			);
			name = InfoPlist.strings;
			sourceTree = "<group>";
		};
/* End PBXVariantGroup section */

/* Begin XCBuildConfiguration section */
		31FEA855F434C38BAE06B0BF /* Release */ = {
			isa = XCBuildConfiguration;
			buildSettings = {
				ALWAYS_SEARCH_USER_PATHS = NO;
				ARCHS = "$(ARCHS_STANDARD_32_BIT)";
				CLANG_ENABLE_OBJC_ARC = YES;
				"CODE_SIGN_IDENTITY[sdk=iphoneos*]" = "iPhone Developer";
				COPY_PHASE_STRIP = YES;
				GCC_C_LANGUAGE_STANDARD = gnu99;
				GCC_VERSION = com.apple.compilers.llvm.clang.1_0;
				GCC_WARN_ABOUT_RETURN_TYPE = YES;
				GCC_WARN_UNINITIALIZED_AUTOS = YES;
				GCC_WARN_UNUSED_VARIABLE = YES;
				IPHONEOS_DEPLOYMENT_TARGET = 5.1;
				OTHER_CFLAGS = "-DNS_BLOCK_ASSERTIONS=1";
				SDKROOT = iphoneos;
				TARGETED_DEVICE_FAMILY = 2;
				VALIDATE_PRODUCT = YES;
			};
			name = Release;
		};
		31FEA855F434C38BAE06B0C0 /* Debug */ = {
			isa = XCBuildConfiguration;
			buildSettings = {
				ALWAYS_SEARCH_USER_PATHS = NO;
				ARCHS = "$(ARCHS_STANDARD_32_BIT)";
				CLANG_ENABLE_OBJC_ARC = YES;
				"CODE_SIGN_IDENTITY[sdk=iphoneos*]" = "iPhone Developer";
				COPY_PHASE_STRIP = NO;
				GCC_C_LANGUAGE_STANDARD = gnu99;
				GCC_DYNAMIC_NO_PIC = NO;
				GCC_OPTIMIZATION_LEVEL = 0;
				GCC_PREPROCESSOR_DEFINITIONS = (
					"DEBUG=1",
					"$(inherited)",
				);
				GCC_SYMBOLS_PRIVATE_EXTERN = NO;
				GCC_VERSION = com.apple.compilers.llvm.clang.1_0;
				GCC_WARN_ABOUT_RETURN_TYPE = YES;
				GCC_WARN_UNINITIALIZED_AUTOS = YES;
				GCC_WARN_UNUSED_VARIABLE = YES;
				IPHONEOS_DEPLOYMENT_TARGET = 5.1;
				SDKROOT = iphoneos;
				TARGETED_DEVICE_FAMILY = 2;
			};
			name = Debug;
		};
		31FEA855F434C38BAE06B0C4 /* Release */ = {
			isa = XCBuildConfiguration;
			buildSettings = {
				GCC_PRECOMPILE_PREFIX_HEADER = YES;
				GCC_PREFIX_HEADER = "scoobydo_ipad/scoobydo_ipad-Prefix.pch";
				INFOPLIST_FILE = "scoobydo_ipad/scoobydo_ipad-Info.plist";
				PRODUCT_NAME = "$(TARGET_NAME)";
				WRAPPER_EXTENSION = app;
			};
			name = Release;
		};
		31FEA855F434C38BAE06B0C5 /* Debug */ = {
			isa = XCBuildConfiguration;
			buildSettings = {
				GCC_PRECOMPILE_PREFIX_HEADER = YES;
				GCC_PREFIX_HEADER = "scoobydo_ipad/scoobydo_ipad-Prefix.pch";
				INFOPLIST_FILE = "scoobydo_ipad/scoobydo_ipad-Info.plist";
				PRODUCT_NAME = "$(TARGET_NAME)";
				WRAPPER_EXTENSION = app;
			};
			name = Debug;
		};
		31FEA855F434C38BAE06B0F0 /* Release */ = {
			isa = XCBuildConfiguration;
			buildSettings = {
				BUNDLE_LOADER = "$(BUILT_PRODUCTS_DIR)/scoobydo_ipad.app/scoobydo_ipad";
				FRAMEWORK_SEARCH_PATHS = (
					"$(SDKROOT)/Developer/Library/Frameworks",
					"$(DEVELOPER_LIBRARY_DIR)/Frameworks",
				);
				GCC_PRECOMPILE_PREFIX_HEADER = YES;
				GCC_PREFIX_HEADER = "scoobydo_ipad/scoobydo_ipad-Prefix.pch";
				INFOPLIST_FILE = "scoobydo_ipadTests/scoobydo_ipadTests-Info.plist";
				PRODUCT_NAME = "$(TARGET_NAME)";
				TEST_HOST = "$(BUNDLE_LOADER)";
				WRAPPER_EXTENSION = octest;
			};
			name = Release;
		};
		31FEA855F434C38BAE06B0F1 /* Debug */ = {
			isa = XCBuildConfiguration;
			buildSettings = {
				BUNDLE_LOADER = "$(BUILT_PRODUCTS_DIR)/scoobydo_ipad.app/scoobydo_ipad";
				FRAMEWORK_SEARCH_PATHS = (
					"$(SDKROOT)/Developer/Library/Frameworks",
					"$(DEVELOPER_LIBRARY_DIR)/Frameworks",
				);
				GCC_PRECOMPILE_PREFIX_HEADER = YES;
				GCC_PREFIX_HEADER = "scoobydo_ipad/scoobydo_ipad-Prefix.pch";
				INFOPLIST_FILE = "scoobydo_ipadTests/scoobydo_ipadTests-Info.plist";
				PRODUCT_NAME = "$(TARGET_NAME)";
				TEST_HOST = "$(BUNDLE_LOADER)";
				WRAPPER_EXTENSION = octest;
			};
			name = Debug;
		};
		F80F8AD0159741830093DEDB /* Release */ = {
			isa = XCBuildConfiguration;
			buildSettings = {
				GCC_PRECOMPILE_PREFIX_HEADER = YES;
				GCC_PREFIX_HEADER = "scoobydo_ipad/scoobydo_ipad-Prefix.pch";
				INFOPLIST_FILE = "scoobydo_ipad copy-Info.plist";
				LIBRARY_SEARCH_PATHS = (
					"$(inherited)",
					"\"$(SRCROOT)/Frank\"",
				);
				PRODUCT_NAME = "scoobydo_ipad copy";
				WRAPPER_EXTENSION = app;
			};
			name = Release;
		};
		F80F8AD1159741830093DEDB /* Debug */ = {
			isa = XCBuildConfiguration;
			buildSettings = {
				GCC_PRECOMPILE_PREFIX_HEADER = YES;
				GCC_PREFIX_HEADER = "scoobydo_ipad/scoobydo_ipad-Prefix.pch";
				INFOPLIST_FILE = "scoobydo_ipad copy-Info.plist";
				LIBRARY_SEARCH_PATHS = (
					"$(inherited)",
					"\"$(SRCROOT)/Frank\"",
				);
				"OTHER_LDFLAGS[arch=*]" = (
					"-ObjC",
					"-all_load",
				);
				PRODUCT_NAME = "scoobydo_ipad copy";
				WRAPPER_EXTENSION = app;
			};
			name = Debug;
		};
/* End XCBuildConfiguration section */

/* Begin XCConfigurationList section */
		31FEA855F434C38BAE06B0BC /* Build configuration list for PBXProject "scoobydo_ipad" */ = {
			isa = XCConfigurationList;
			buildConfigurations = (
				31FEA855F434C38BAE06B0BF /* Release */,
				31FEA855F434C38BAE06B0C0 /* Debug */,
			);
			defaultConfigurationIsVisible = 0;
			defaultConfigurationName = Release;
		};
		31FEA855F434C38BAE06B0C3 /* Build configuration list for PBXNativeTarget "scoobydo_ipad" */ = {
			isa = XCConfigurationList;
			buildConfigurations = (
				31FEA855F434C38BAE06B0C4 /* Release */,
				31FEA855F434C38BAE06B0C5 /* Debug */,
			);
			defaultConfigurationIsVisible = 0;
			defaultConfigurationName = Release;
		};
		31FEA855F434C38BAE06B0EF /* Build configuration list for PBXNativeTarget "scoobydo_ipadTests" */ = {
			isa = XCConfigurationList;
			buildConfigurations = (
				31FEA855F434C38BAE06B0F0 /* Release */,
				31FEA855F434C38BAE06B0F1 /* Debug */,
			);
			defaultConfigurationIsVisible = 0;
			defaultConfigurationName = Release;
		};
		F80F8ACF159741830093DEDB /* Build configuration list for PBXNativeTarget "scoobydo_ipad Frankified" */ = {
			isa = XCConfigurationList;
			buildConfigurations = (
				F80F8AD0159741830093DEDB /* Release */,
				F80F8AD1159741830093DEDB /* Debug */,
			);
			defaultConfigurationIsVisible = 0;
			defaultConfigurationName = Release;
		};
/* End XCConfigurationList section */
	};
	rootObject = 31FEA855F434C38BAE06B0BB /* Project object */;
}
